// !$*UTF8*$!
{
	archiveVersion = 1;
	classes = {
	};
	objectVersion = 56;
	objects = {

/* Begin PBXBuildFile section */
		2657C6A02A2F3BFA0092050E /* UserP2.swift in Sources */ = {isa = PBXBuildFile; fileRef = 2657C69F2A2F3BFA0092050E /* UserP2.swift */; };
		2657C6A22A2F3CDE0092050E /* InterFace1.swift in Sources */ = {isa = PBXBuildFile; fileRef = 2657C6A12A2F3CDE0092050E /* InterFace1.swift */; };
		2657C6A42A2F3CF90092050E /* InterFace2.swift in Sources */ = {isa = PBXBuildFile; fileRef = 2657C6A32A2F3CF90092050E /* InterFace2.swift */; };
		2657C6A62A2F3D160092050E /* InterFace3.swift in Sources */ = {isa = PBXBuildFile; fileRef = 2657C6A52A2F3D160092050E /* InterFace3.swift */; };
		26DD7C5A2A19F06F0030A521 /* UserProfile.swift in Sources */ = {isa = PBXBuildFile; fileRef = 26DD7C592A19F06F0030A521 /* UserProfile.swift */; };
		26DD7C5C2A19FA7A0030A521 /* photopicer.swift in Sources */ = {isa = PBXBuildFile; fileRef = 26DD7C5B2A19FA7A0030A521 /* photopicer.swift */; };
		26DD7C5E2A1A0FD10030A521 /* CreateAccount.swift in Sources */ = {isa = PBXBuildFile; fileRef = 26DD7C5D2A1A0FD10030A521 /* CreateAccount.swift */; };
		26DD7C602A1A10D60030A521 /* DesignerInfo.swift in Sources */ = {isa = PBXBuildFile; fileRef = 26DD7C5F2A1A10D60030A521 /* DesignerInfo.swift */; };
		26DD7C622A1A15900030A521 /* CreateAccountD.swift in Sources */ = {isa = PBXBuildFile; fileRef = 26DD7C612A1A15900030A521 /* CreateAccountD.swift */; };
		26DD7C652A1CBFBD0030A521 /* designerProfile.swift in Sources */ = {isa = PBXBuildFile; fileRef = 26DD7C642A1CBFBD0030A521 /* designerProfile.swift */; };
		26DD7C682A1DEC980030A521 /* ScrollDetector.swift in Sources */ = {isa = PBXBuildFile; fileRef = 26DD7C672A1DEC980030A521 /* ScrollDetector.swift */; };
		26DD7C6A2A1DF6B80030A521 /* info.swift in Sources */ = {isa = PBXBuildFile; fileRef = 26DD7C692A1DF6B80030A521 /* info.swift */; };
		4E0FF4702A2AA1A800250475 /* profile.swift in Sources */ = {isa = PBXBuildFile; fileRef = 4E0FF46F2A2AA1A800250475 /* profile.swift */; };
		4E0FF4722A2AA1B000250475 /* chatView.swift in Sources */ = {isa = PBXBuildFile; fileRef = 4E0FF4712A2AA1B000250475 /* chatView.swift */; };
		4E0FF4742A2AA1B800250475 /* home.swift in Sources */ = {isa = PBXBuildFile; fileRef = 4E0FF4732A2AA1B800250475 /* home.swift */; };
		4EC534EE2A306BB10007EE69 /* ChatViewModel.swift in Sources */ = {isa = PBXBuildFile; fileRef = 4EC534ED2A306BB10007EE69 /* ChatViewModel.swift */; };
		4EC534F02A306C8F0007EE69 /* allchat.swift in Sources */ = {isa = PBXBuildFile; fileRef = 4EC534EF2A306C8F0007EE69 /* allchat.swift */; };
		4EC534F22A306C9C0007EE69 /* Constants.swift in Sources */ = {isa = PBXBuildFile; fileRef = 4EC534F12A306C9C0007EE69 /* Constants.swift */; };
		4ECA51D32A30023400EEAF63 /* Alamofire in Frameworks */ = {isa = PBXBuildFile; productRef = 4ECA51D22A30023400EEAF63 /* Alamofire */; };
		4ECA52472A30650C00EEAF63 /* EventSourceSerializer.swift in Sources */ = {isa = PBXBuildFile; fileRef = 4ECA52442A30650C00EEAF63 /* EventSourceSerializer.swift */; };
		4ECA52482A30650C00EEAF63 /* Alamofire+EventSource.swift in Sources */ = {isa = PBXBuildFile; fileRef = 4ECA52462A30650C00EEAF63 /* Alamofire+EventSource.swift */; };
		4ECA52492A30650C00EEAF63 /* DecodableEventSourceSerializer.swift in Sources */ = {isa = PBXBuildFile; fileRef = 4ECA52422A30650C00EEAF63 /* DecodableEventSourceSerializer.swift */; };
		4ECA524A2A30650C00EEAF63 /* EventSourceMessage.swift in Sources */ = {isa = PBXBuildFile; fileRef = 4ECA52432A30650C00EEAF63 /* EventSourceMessage.swift */; };
		4ECA524B2A30650C00EEAF63 /* DecodableEventSourceMessage.swift in Sources */ = {isa = PBXBuildFile; fileRef = 4ECA52452A30650C00EEAF63 /* DecodableEventSourceMessage.swift */; };
		4ECA52532A306A4200EEAF63 /* ChatViewModel.swift in Sources */ = {isa = PBXBuildFile; fileRef = 4ECA52522A306A4200EEAF63 /* ChatViewModel.swift */; };
		4ECA52552A306A6700EEAF63 /* ChatGPT3View.swift in Sources */ = {isa = PBXBuildFile; fileRef = 4ECA52542A306A6700EEAF63 /* ChatGPT3View.swift */; };
		4ECA52592A306B0000EEAF63 /* OpenAIService.swift in Sources */ = {isa = PBXBuildFile; fileRef = 4ECA52582A306B0000EEAF63 /* OpenAIService.swift */; };
		FC6F7EEB2A2F1858000003A5 /* GridPicker.swift in Sources */ = {isa = PBXBuildFile; fileRef = FC6F7EEA2A2F1858000003A5 /* GridPicker.swift */; };
		FC6F7EED2A30F8A8000003A5 /* DesingerPhotoPicker.swift in Sources */ = {isa = PBXBuildFile; fileRef = FC6F7EEC2A30F8A8000003A5 /* DesingerPhotoPicker.swift */; };
		FC6F7EEF2A30FB6B000003A5 /* ImagePicker.swift in Sources */ = {isa = PBXBuildFile; fileRef = FC6F7EEE2A30FB6B000003A5 /* ImagePicker.swift */; };
		FCDA209C2A33B42B00F9D922 /* WaterfallGrid in Frameworks */ = {isa = PBXBuildFile; productRef = FCDA209B2A33B42B00F9D922 /* WaterfallGrid */; };
		FCDA209E2A341BB400F9D922 /* OtherDesinerPage.swift in Sources */ = {isa = PBXBuildFile; fileRef = FCDA209D2A341BB400F9D922 /* OtherDesinerPage.swift */; };
		FCDA20A02A35367100F9D922 /* test.swift in Sources */ = {isa = PBXBuildFile; fileRef = FCDA209F2A35367100F9D922 /* test.swift */; };
		FCF59BB72A10DB0A00543D51 /* InteriorDesignerApp.swift in Sources */ = {isa = PBXBuildFile; fileRef = FCF59BB62A10DB0A00543D51 /* InteriorDesignerApp.swift */; };
		FCF59BB92A10DB0A00543D51 /* ContentView.swift in Sources */ = {isa = PBXBuildFile; fileRef = FCF59BB82A10DB0A00543D51 /* ContentView.swift */; };
		FCF59BBB2A10DB0B00543D51 /* Assets.xcassets in Resources */ = {isa = PBXBuildFile; fileRef = FCF59BBA2A10DB0B00543D51 /* Assets.xcassets */; };
		FCF59BBE2A10DB0B00543D51 /* Preview Assets.xcassets in Resources */ = {isa = PBXBuildFile; fileRef = FCF59BBD2A10DB0B00543D51 /* Preview Assets.xcassets */; };
		FCFB0B5C2A2A50BE0093BEF0 /* FirebaseAuth in Frameworks */ = {isa = PBXBuildFile; productRef = FCFB0B5B2A2A50BE0093BEF0 /* FirebaseAuth */; };
		FCFB0B5E2A2A50BE0093BEF0 /* FirebaseFirestore in Frameworks */ = {isa = PBXBuildFile; productRef = FCFB0B5D2A2A50BE0093BEF0 /* FirebaseFirestore */; };
		FCFB0B602A2A50BE0093BEF0 /* FirebaseFirestoreSwift in Frameworks */ = {isa = PBXBuildFile; productRef = FCFB0B5F2A2A50BE0093BEF0 /* FirebaseFirestoreSwift */; };
		FCFB0B622A2A50BE0093BEF0 /* FirebaseMessaging in Frameworks */ = {isa = PBXBuildFile; productRef = FCFB0B612A2A50BE0093BEF0 /* FirebaseMessaging */; };
		FCFB0B642A2A50BE0093BEF0 /* FirebaseStorage in Frameworks */ = {isa = PBXBuildFile; productRef = FCFB0B632A2A50BE0093BEF0 /* FirebaseStorage */; };
		FCFB0B702A2A51B30093BEF0 /* Users.swift in Sources */ = {isa = PBXBuildFile; fileRef = FCFB0B6D2A2A51B30093BEF0 /* Users.swift */; };
		FCFB0B722A2A51B30093BEF0 /* GoogleService-Info.plist in Resources */ = {isa = PBXBuildFile; fileRef = FCFB0B6F2A2A51B30093BEF0 /* GoogleService-Info.plist */; };
		FCFB0B752A2A51D10093BEF0 /* ViewModel.swift in Sources */ = {isa = PBXBuildFile; fileRef = FCFB0B742A2A51D10093BEF0 /* ViewModel.swift */; };
		FCFB0B772A2A51F90093BEF0 /* SignInButton.swift in Sources */ = {isa = PBXBuildFile; fileRef = FCFB0B762A2A51F90093BEF0 /* SignInButton.swift */; };
/* End PBXBuildFile section */

/* Begin PBXFileReference section */
		2657C69F2A2F3BFA0092050E /* UserP2.swift */ = {isa = PBXFileReference; lastKnownFileType = sourcecode.swift; path = UserP2.swift; sourceTree = "<group>"; };
		2657C6A12A2F3CDE0092050E /* InterFace1.swift */ = {isa = PBXFileReference; lastKnownFileType = sourcecode.swift; path = InterFace1.swift; sourceTree = "<group>"; };
		2657C6A32A2F3CF90092050E /* InterFace2.swift */ = {isa = PBXFileReference; lastKnownFileType = sourcecode.swift; path = InterFace2.swift; sourceTree = "<group>"; };
		2657C6A52A2F3D160092050E /* InterFace3.swift */ = {isa = PBXFileReference; lastKnownFileType = sourcecode.swift; path = InterFace3.swift; sourceTree = "<group>"; };
		26DD7C592A19F06F0030A521 /* UserProfile.swift */ = {isa = PBXFileReference; lastKnownFileType = sourcecode.swift; path = UserProfile.swift; sourceTree = "<group>"; };
		26DD7C5B2A19FA7A0030A521 /* photopicer.swift */ = {isa = PBXFileReference; lastKnownFileType = sourcecode.swift; path = photopicer.swift; sourceTree = "<group>"; };
		26DD7C5D2A1A0FD10030A521 /* CreateAccount.swift */ = {isa = PBXFileReference; lastKnownFileType = sourcecode.swift; path = CreateAccount.swift; sourceTree = "<group>"; };
		26DD7C5F2A1A10D60030A521 /* DesignerInfo.swift */ = {isa = PBXFileReference; lastKnownFileType = sourcecode.swift; path = DesignerInfo.swift; sourceTree = "<group>"; };
		26DD7C612A1A15900030A521 /* CreateAccountD.swift */ = {isa = PBXFileReference; lastKnownFileType = sourcecode.swift; path = CreateAccountD.swift; sourceTree = "<group>"; };
		26DD7C642A1CBFBD0030A521 /* designerProfile.swift */ = {isa = PBXFileReference; lastKnownFileType = sourcecode.swift; path = designerProfile.swift; sourceTree = "<group>"; };
		26DD7C672A1DEC980030A521 /* ScrollDetector.swift */ = {isa = PBXFileReference; lastKnownFileType = sourcecode.swift; path = ScrollDetector.swift; sourceTree = "<group>"; };
		26DD7C692A1DF6B80030A521 /* info.swift */ = {isa = PBXFileReference; lastKnownFileType = sourcecode.swift; path = info.swift; sourceTree = "<group>"; };
		4E0FF46F2A2AA1A800250475 /* profile.swift */ = {isa = PBXFileReference; fileEncoding = 4; lastKnownFileType = sourcecode.swift; path = profile.swift; sourceTree = "<group>"; };
		4E0FF4712A2AA1B000250475 /* chatView.swift */ = {isa = PBXFileReference; fileEncoding = 4; lastKnownFileType = sourcecode.swift; path = chatView.swift; sourceTree = "<group>"; };
		4E0FF4732A2AA1B800250475 /* home.swift */ = {isa = PBXFileReference; fileEncoding = 4; lastKnownFileType = sourcecode.swift; path = home.swift; sourceTree = "<group>"; };
		4EC534ED2A306BB10007EE69 /* ChatViewModel.swift */ = {isa = PBXFileReference; fileEncoding = 4; lastKnownFileType = sourcecode.swift; path = ChatViewModel.swift; sourceTree = "<group>"; };
		4EC534EF2A306C8F0007EE69 /* allchat.swift */ = {isa = PBXFileReference; fileEncoding = 4; lastKnownFileType = sourcecode.swift; path = allchat.swift; sourceTree = "<group>"; };
		4EC534F12A306C9C0007EE69 /* Constants.swift */ = {isa = PBXFileReference; fileEncoding = 4; lastKnownFileType = sourcecode.swift; path = Constants.swift; sourceTree = "<group>"; };
		4ECA52422A30650C00EEAF63 /* DecodableEventSourceSerializer.swift */ = {isa = PBXFileReference; lastKnownFileType = sourcecode.swift; path = DecodableEventSourceSerializer.swift; sourceTree = "<group>"; };
		4ECA52432A30650C00EEAF63 /* EventSourceMessage.swift */ = {isa = PBXFileReference; lastKnownFileType = sourcecode.swift; path = EventSourceMessage.swift; sourceTree = "<group>"; };
		4ECA52442A30650C00EEAF63 /* EventSourceSerializer.swift */ = {isa = PBXFileReference; lastKnownFileType = sourcecode.swift; path = EventSourceSerializer.swift; sourceTree = "<group>"; };
		4ECA52452A30650C00EEAF63 /* DecodableEventSourceMessage.swift */ = {isa = PBXFileReference; lastKnownFileType = sourcecode.swift; path = DecodableEventSourceMessage.swift; sourceTree = "<group>"; };
		4ECA52462A30650C00EEAF63 /* Alamofire+EventSource.swift */ = {isa = PBXFileReference; lastKnownFileType = sourcecode.swift; path = "Alamofire+EventSource.swift"; sourceTree = "<group>"; };
		4ECA52522A306A4200EEAF63 /* ChatViewModel.swift */ = {isa = PBXFileReference; fileEncoding = 4; lastKnownFileType = sourcecode.swift; path = ChatViewModel.swift; sourceTree = "<group>"; };
		4ECA52542A306A6700EEAF63 /* ChatGPT3View.swift */ = {isa = PBXFileReference; fileEncoding = 4; lastKnownFileType = sourcecode.swift; path = ChatGPT3View.swift; sourceTree = "<group>"; };
		4ECA52582A306B0000EEAF63 /* OpenAIService.swift */ = {isa = PBXFileReference; fileEncoding = 4; lastKnownFileType = sourcecode.swift; path = OpenAIService.swift; sourceTree = "<group>"; };
		FC6F7EEA2A2F1858000003A5 /* GridPicker.swift */ = {isa = PBXFileReference; lastKnownFileType = sourcecode.swift; path = GridPicker.swift; sourceTree = "<group>"; };
		FC6F7EEC2A30F8A8000003A5 /* DesingerPhotoPicker.swift */ = {isa = PBXFileReference; lastKnownFileType = sourcecode.swift; path = DesingerPhotoPicker.swift; sourceTree = "<group>"; };
		FC6F7EEE2A30FB6B000003A5 /* ImagePicker.swift */ = {isa = PBXFileReference; lastKnownFileType = sourcecode.swift; path = ImagePicker.swift; sourceTree = "<group>"; };
		FC81D6C42A2BF46F00004BC0 /* InteriorDesigner.entitlements */ = {isa = PBXFileReference; lastKnownFileType = text.plist.entitlements; path = InteriorDesigner.entitlements; sourceTree = "<group>"; };
		FCDA209D2A341BB400F9D922 /* OtherDesinerPage.swift */ = {isa = PBXFileReference; lastKnownFileType = sourcecode.swift; path = OtherDesinerPage.swift; sourceTree = "<group>"; };
		FCDA209F2A35367100F9D922 /* test.swift */ = {isa = PBXFileReference; lastKnownFileType = sourcecode.swift; path = test.swift; sourceTree = "<group>"; };
		FCF59BB32A10DB0A00543D51 /* InteriorDesigner.app */ = {isa = PBXFileReference; explicitFileType = wrapper.application; includeInIndex = 0; path = InteriorDesigner.app; sourceTree = BUILT_PRODUCTS_DIR; };
		FCF59BB62A10DB0A00543D51 /* InteriorDesignerApp.swift */ = {isa = PBXFileReference; lastKnownFileType = sourcecode.swift; path = InteriorDesignerApp.swift; sourceTree = "<group>"; };
		FCF59BB82A10DB0A00543D51 /* ContentView.swift */ = {isa = PBXFileReference; lastKnownFileType = sourcecode.swift; path = ContentView.swift; sourceTree = "<group>"; };
		FCF59BBA2A10DB0B00543D51 /* Assets.xcassets */ = {isa = PBXFileReference; lastKnownFileType = folder.assetcatalog; path = Assets.xcassets; sourceTree = "<group>"; };
		FCF59BBD2A10DB0B00543D51 /* Preview Assets.xcassets */ = {isa = PBXFileReference; lastKnownFileType = folder.assetcatalog; path = "Preview Assets.xcassets"; sourceTree = "<group>"; };
		FCFB0B6D2A2A51B30093BEF0 /* Users.swift */ = {isa = PBXFileReference; fileEncoding = 4; lastKnownFileType = sourcecode.swift; path = Users.swift; sourceTree = "<group>"; };
		FCFB0B6F2A2A51B30093BEF0 /* GoogleService-Info.plist */ = {isa = PBXFileReference; fileEncoding = 4; lastKnownFileType = text.plist.xml; path = "GoogleService-Info.plist"; sourceTree = "<group>"; };
		FCFB0B742A2A51D10093BEF0 /* ViewModel.swift */ = {isa = PBXFileReference; fileEncoding = 4; lastKnownFileType = sourcecode.swift; path = ViewModel.swift; sourceTree = "<group>"; };
		FCFB0B762A2A51F90093BEF0 /* SignInButton.swift */ = {isa = PBXFileReference; fileEncoding = 4; lastKnownFileType = sourcecode.swift; path = SignInButton.swift; sourceTree = "<group>"; };
/* End PBXFileReference section */

/* Begin PBXFrameworksBuildPhase section */
		FCF59BB02A10DB0A00543D51 /* Frameworks */ = {
			isa = PBXFrameworksBuildPhase;
			buildActionMask = 2147483647;
			files = (
				FCFB0B622A2A50BE0093BEF0 /* FirebaseMessaging in Frameworks */,
				FCFB0B5C2A2A50BE0093BEF0 /* FirebaseAuth in Frameworks */,
				FCFB0B5E2A2A50BE0093BEF0 /* FirebaseFirestore in Frameworks */,
				4ECA51D32A30023400EEAF63 /* Alamofire in Frameworks */,
				FCFB0B642A2A50BE0093BEF0 /* FirebaseStorage in Frameworks */,
				FCDA209C2A33B42B00F9D922 /* WaterfallGrid in Frameworks */,
				FCFB0B602A2A50BE0093BEF0 /* FirebaseFirestoreSwift in Frameworks */,
			);
			runOnlyForDeploymentPostprocessing = 0;
		};
/* End PBXFrameworksBuildPhase section */

/* Begin PBXGroup section */
		26DD7C632A1CBF780030A521 /* View */ = {
			isa = PBXGroup;
			children = (
				FCFB0B762A2A51F90093BEF0 /* SignInButton.swift */,
				FCF59BB82A10DB0A00543D51 /* ContentView.swift */,
				26DD7C642A1CBFBD0030A521 /* designerProfile.swift */,
				26DD7C692A1DF6B80030A521 /* info.swift */,
				FCDA209F2A35367100F9D922 /* test.swift */,
				FCDA209D2A341BB400F9D922 /* OtherDesinerPage.swift */,
			);
			path = View;
			sourceTree = "<group>";
		};
		26DD7C662A1DEC6D0030A521 /* Helpers */ = {
			isa = PBXGroup;
			children = (
				26DD7C672A1DEC980030A521 /* ScrollDetector.swift */,
			);
			path = Helpers;
			sourceTree = "<group>";
		};
		4ECA52412A30650C00EEAF63 /* EventSource */ = {
			isa = PBXGroup;
			children = (
				4ECA52452A30650C00EEAF63 /* DecodableEventSourceMessage.swift */,
				4ECA52442A30650C00EEAF63 /* EventSourceSerializer.swift */,
				4ECA52422A30650C00EEAF63 /* DecodableEventSourceSerializer.swift */,
				4ECA52462A30650C00EEAF63 /* Alamofire+EventSource.swift */,
				4ECA52432A30650C00EEAF63 /* EventSourceMessage.swift */,
			);
			path = EventSource;
			sourceTree = "<group>";
		};
		FCDA20972A33B32700F9D922 /* Frameworks */ = {
			isa = PBXGroup;
			children = (
			);
			name = Frameworks;
			sourceTree = "<group>";
		};
		FCF59BAA2A10DB0A00543D51 = {
			isa = PBXGroup;
			children = (
				FCF59BB52A10DB0A00543D51 /* InteriorDesigner */,
				FCF59BB42A10DB0A00543D51 /* Products */,
				FCDA20972A33B32700F9D922 /* Frameworks */,
			);
			sourceTree = "<group>";
		};
		FCF59BB42A10DB0A00543D51 /* Products */ = {
			isa = PBXGroup;
			children = (
				FCF59BB32A10DB0A00543D51 /* InteriorDesigner.app */,
			);
			name = Products;
			sourceTree = "<group>";
		};
		FCF59BB52A10DB0A00543D51 /* InteriorDesigner */ = {
			isa = PBXGroup;
			children = (
				4ECA52412A30650C00EEAF63 /* EventSource */,
				FC81D6C42A2BF46F00004BC0 /* InteriorDesigner.entitlements */,
				26DD7C662A1DEC6D0030A521 /* Helpers */,
				26DD7C5F2A1A10D60030A521 /* DesignerInfo.swift */,
				FCF59BB62A10DB0A00543D51 /* InteriorDesignerApp.swift */,
				26DD7C592A19F06F0030A521 /* UserProfile.swift */,
				2657C69F2A2F3BFA0092050E /* UserP2.swift */,
				FC6F7EEC2A30F8A8000003A5 /* DesingerPhotoPicker.swift */,
				FC6F7EEE2A30FB6B000003A5 /* ImagePicker.swift */,
				4E0FF4712A2AA1B000250475 /* chatView.swift */,
				4E0FF4732A2AA1B800250475 /* home.swift */,
				4E0FF46F2A2AA1A800250475 /* profile.swift */,
				4ECA52582A306B0000EEAF63 /* OpenAIService.swift */,
				4EC534EF2A306C8F0007EE69 /* allchat.swift */,
				4EC534F12A306C9C0007EE69 /* Constants.swift */,
				4ECA52542A306A6700EEAF63 /* ChatGPT3View.swift */,
				4ECA52522A306A4200EEAF63 /* ChatViewModel.swift */,
				4EC534ED2A306BB10007EE69 /* ChatViewModel.swift */,
				2657C6A12A2F3CDE0092050E /* InterFace1.swift */,
				2657C6A32A2F3CF90092050E /* InterFace2.swift */,
				2657C6A52A2F3D160092050E /* InterFace3.swift */,
				26DD7C5D2A1A0FD10030A521 /* CreateAccount.swift */,
				26DD7C612A1A15900030A521 /* CreateAccountD.swift */,
				26DD7C5B2A19FA7A0030A521 /* photopicer.swift */,
				FC6F7EEA2A2F1858000003A5 /* GridPicker.swift */,
				26DD7C632A1CBF780030A521 /* View */,
				FCFB0B732A2A51D10093BEF0 /* ViewModels */,
				FCFB0B6C2A2A51B30093BEF0 /* Models */,
				FCF59BBA2A10DB0B00543D51 /* Assets.xcassets */,
				FCF59BBC2A10DB0B00543D51 /* Preview Content */,
			);
			path = InteriorDesigner;
			sourceTree = "<group>";
		};
		FCF59BBC2A10DB0B00543D51 /* Preview Content */ = {
			isa = PBXGroup;
			children = (
				FCF59BBD2A10DB0B00543D51 /* Preview Assets.xcassets */,
			);
			path = "Preview Content";
			sourceTree = "<group>";
		};
		FCFB0B6C2A2A51B30093BEF0 /* Models */ = {
			isa = PBXGroup;
			children = (
				FCFB0B6D2A2A51B30093BEF0 /* Users.swift */,
				FCFB0B6F2A2A51B30093BEF0 /* GoogleService-Info.plist */,
			);
			path = Models;
			sourceTree = "<group>";
		};
		FCFB0B732A2A51D10093BEF0 /* ViewModels */ = {
			isa = PBXGroup;
			children = (
				FCFB0B742A2A51D10093BEF0 /* ViewModel.swift */,
			);
			path = ViewModels;
			sourceTree = "<group>";
		};
/* End PBXGroup section */

/* Begin PBXNativeTarget section */
		FCF59BB22A10DB0A00543D51 /* InteriorDesigner */ = {
			isa = PBXNativeTarget;
			buildConfigurationList = FCF59BC12A10DB0B00543D51 /* Build configuration list for PBXNativeTarget "InteriorDesigner" */;
			buildPhases = (
				FCF59BAF2A10DB0A00543D51 /* Sources */,
				FCF59BB02A10DB0A00543D51 /* Frameworks */,
				FCF59BB12A10DB0A00543D51 /* Resources */,
			);
			buildRules = (
			);
			dependencies = (
			);
			name = InteriorDesigner;
			packageProductDependencies = (
				FCFB0B5B2A2A50BE0093BEF0 /* FirebaseAuth */,
				FCFB0B5D2A2A50BE0093BEF0 /* FirebaseFirestore */,
				FCFB0B5F2A2A50BE0093BEF0 /* FirebaseFirestoreSwift */,
				FCFB0B612A2A50BE0093BEF0 /* FirebaseMessaging */,
				FCFB0B632A2A50BE0093BEF0 /* FirebaseStorage */,
				4ECA51D22A30023400EEAF63 /* Alamofire */,
				FCDA209B2A33B42B00F9D922 /* WaterfallGrid */,
			);
			productName = InteriorDesigner;
			productReference = FCF59BB32A10DB0A00543D51 /* InteriorDesigner.app */;
			productType = "com.apple.product-type.application";
		};
/* End PBXNativeTarget section */

/* Begin PBXProject section */
		FCF59BAB2A10DB0A00543D51 /* Project object */ = {
			isa = PBXProject;
			attributes = {
				BuildIndependentTargetsInParallel = 1;
				LastSwiftUpdateCheck = 1430;
				LastUpgradeCheck = 1430;
				TargetAttributes = {
					FCF59BB22A10DB0A00543D51 = {
						CreatedOnToolsVersion = 14.3;
					};
				};
			};
			buildConfigurationList = FCF59BAE2A10DB0A00543D51 /* Build configuration list for PBXProject "InteriorDesigner" */;
			compatibilityVersion = "Xcode 14.0";
			developmentRegion = en;
			hasScannedForEncodings = 0;
			knownRegions = (
				en,
				Base,
			);
			mainGroup = FCF59BAA2A10DB0A00543D51;
			packageReferences = (
				FCFB0B5A2A2A50BE0093BEF0 /* XCRemoteSwiftPackageReference "firebase-ios-sdk" */,
				4ECA51D12A30023400EEAF63 /* XCRemoteSwiftPackageReference "Alamofire" */,
				FCDA209A2A33B42B00F9D922 /* XCRemoteSwiftPackageReference "WaterfallGrid" */,
			);
			productRefGroup = FCF59BB42A10DB0A00543D51 /* Products */;
			projectDirPath = "";
			projectRoot = "";
			targets = (
				FCF59BB22A10DB0A00543D51 /* InteriorDesigner */,
			);
		};
/* End PBXProject section */

/* Begin PBXResourcesBuildPhase section */
		FCF59BB12A10DB0A00543D51 /* Resources */ = {
			isa = PBXResourcesBuildPhase;
			buildActionMask = 2147483647;
			files = (
				FCF59BBE2A10DB0B00543D51 /* Preview Assets.xcassets in Resources */,
				FCFB0B722A2A51B30093BEF0 /* GoogleService-Info.plist in Resources */,
				FCF59BBB2A10DB0B00543D51 /* Assets.xcassets in Resources */,
			);
			runOnlyForDeploymentPostprocessing = 0;
		};
/* End PBXResourcesBuildPhase section */

/* Begin PBXSourcesBuildPhase section */
		FCF59BAF2A10DB0A00543D51 /* Sources */ = {
			isa = PBXSourcesBuildPhase;
			buildActionMask = 2147483647;
			files = (
				26DD7C622A1A15900030A521 /* CreateAccountD.swift in Sources */,
				4EC534F22A306C9C0007EE69 /* Constants.swift in Sources */,
				26DD7C5C2A19FA7A0030A521 /* photopicer.swift in Sources */,
				4ECA52472A30650C00EEAF63 /* EventSourceSerializer.swift in Sources */,
				FC6F7EEB2A2F1858000003A5 /* GridPicker.swift in Sources */,
				4ECA52482A30650C00EEAF63 /* Alamofire+EventSource.swift in Sources */,
				FC6F7EEF2A30FB6B000003A5 /* ImagePicker.swift in Sources */,
				26DD7C682A1DEC980030A521 /* ScrollDetector.swift in Sources */,
				4ECA52552A306A6700EEAF63 /* ChatGPT3View.swift in Sources */,
				FCFB0B772A2A51F90093BEF0 /* SignInButton.swift in Sources */,
				2657C6A22A2F3CDE0092050E /* InterFace1.swift in Sources */,
				FCF59BB92A10DB0A00543D51 /* ContentView.swift in Sources */,
				26DD7C602A1A10D60030A521 /* DesignerInfo.swift in Sources */,
				FCDA20A02A35367100F9D922 /* test.swift in Sources */,
				26DD7C6A2A1DF6B80030A521 /* info.swift in Sources */,
				4ECA524B2A30650C00EEAF63 /* DecodableEventSourceMessage.swift in Sources */,
				4ECA524A2A30650C00EEAF63 /* EventSourceMessage.swift in Sources */,
				4ECA52592A306B0000EEAF63 /* OpenAIService.swift in Sources */,
				26DD7C5E2A1A0FD10030A521 /* CreateAccount.swift in Sources */,
				FCF59BB72A10DB0A00543D51 /* InteriorDesignerApp.swift in Sources */,
				26DD7C652A1CBFBD0030A521 /* designerProfile.swift in Sources */,
				4EC534F02A306C8F0007EE69 /* allchat.swift in Sources */,
				26DD7C5A2A19F06F0030A521 /* UserProfile.swift in Sources */,
				2657C6A02A2F3BFA0092050E /* UserP2.swift in Sources */,
				4E0FF4702A2AA1A800250475 /* profile.swift in Sources */,
				4E0FF4722A2AA1B000250475 /* chatView.swift in Sources */,
				FCFB0B752A2A51D10093BEF0 /* ViewModel.swift in Sources */,
				FCDA209E2A341BB400F9D922 /* OtherDesinerPage.swift in Sources */,
				4ECA52492A30650C00EEAF63 /* DecodableEventSourceSerializer.swift in Sources */,
				4EC534EE2A306BB10007EE69 /* ChatViewModel.swift in Sources */,
				4ECA52532A306A4200EEAF63 /* ChatViewModel.swift in Sources */,
				4E0FF4742A2AA1B800250475 /* home.swift in Sources */,
				2657C6A42A2F3CF90092050E /* InterFace2.swift in Sources */,
				FCFB0B702A2A51B30093BEF0 /* Users.swift in Sources */,
				FC6F7EED2A30F8A8000003A5 /* DesingerPhotoPicker.swift in Sources */,
				2657C6A62A2F3D160092050E /* InterFace3.swift in Sources */,
			);
			runOnlyForDeploymentPostprocessing = 0;
		};
/* End PBXSourcesBuildPhase section */

/* Begin XCBuildConfiguration section */
		FCF59BBF2A10DB0B00543D51 /* Debug */ = {
			isa = XCBuildConfiguration;
			buildSettings = {
				ALWAYS_SEARCH_USER_PATHS = NO;
				CLANG_ANALYZER_NONNULL = YES;
				CLANG_ANALYZER_NUMBER_OBJECT_CONVERSION = YES_AGGRESSIVE;
				CLANG_CXX_LANGUAGE_STANDARD = "gnu++20";
				CLANG_ENABLE_MODULES = YES;
				CLANG_ENABLE_OBJC_ARC = YES;
				CLANG_ENABLE_OBJC_WEAK = YES;
				CLANG_WARN_BLOCK_CAPTURE_AUTORELEASING = YES;
				CLANG_WARN_BOOL_CONVERSION = YES;
				CLANG_WARN_COMMA = YES;
				CLANG_WARN_CONSTANT_CONVERSION = YES;
				CLANG_WARN_DEPRECATED_OBJC_IMPLEMENTATIONS = YES;
				CLANG_WARN_DIRECT_OBJC_ISA_USAGE = YES_ERROR;
				CLANG_WARN_DOCUMENTATION_COMMENTS = YES;
				CLANG_WARN_EMPTY_BODY = YES;
				CLANG_WARN_ENUM_CONVERSION = YES;
				CLANG_WARN_INFINITE_RECURSION = YES;
				CLANG_WARN_INT_CONVERSION = YES;
				CLANG_WARN_NON_LITERAL_NULL_CONVERSION = YES;
				CLANG_WARN_OBJC_IMPLICIT_RETAIN_SELF = YES;
				CLANG_WARN_OBJC_LITERAL_CONVERSION = YES;
				CLANG_WARN_OBJC_ROOT_CLASS = YES_ERROR;
				CLANG_WARN_QUOTED_INCLUDE_IN_FRAMEWORK_HEADER = YES;
				CLANG_WARN_RANGE_LOOP_ANALYSIS = YES;
				CLANG_WARN_STRICT_PROTOTYPES = YES;
				CLANG_WARN_SUSPICIOUS_MOVE = YES;
				CLANG_WARN_UNGUARDED_AVAILABILITY = YES_AGGRESSIVE;
				CLANG_WARN_UNREACHABLE_CODE = YES;
				CLANG_WARN__DUPLICATE_METHOD_MATCH = YES;
				COPY_PHASE_STRIP = NO;
				DEBUG_INFORMATION_FORMAT = dwarf;
				ENABLE_STRICT_OBJC_MSGSEND = YES;
				ENABLE_TESTABILITY = YES;
				GCC_C_LANGUAGE_STANDARD = gnu11;
				GCC_DYNAMIC_NO_PIC = NO;
				GCC_NO_COMMON_BLOCKS = YES;
				GCC_OPTIMIZATION_LEVEL = 0;
				GCC_PREPROCESSOR_DEFINITIONS = (
					"DEBUG=1",
					"$(inherited)",
				);
				GCC_WARN_64_TO_32_BIT_CONVERSION = YES;
				GCC_WARN_ABOUT_RETURN_TYPE = YES_ERROR;
				GCC_WARN_UNDECLARED_SELECTOR = YES;
				GCC_WARN_UNINITIALIZED_AUTOS = YES_AGGRESSIVE;
				GCC_WARN_UNUSED_FUNCTION = YES;
				GCC_WARN_UNUSED_VARIABLE = YES;
				IPHONEOS_DEPLOYMENT_TARGET = 16.4;
				MTL_ENABLE_DEBUG_INFO = INCLUDE_SOURCE;
				MTL_FAST_MATH = YES;
				ONLY_ACTIVE_ARCH = YES;
				SDKROOT = iphoneos;
				SWIFT_ACTIVE_COMPILATION_CONDITIONS = DEBUG;
				SWIFT_OPTIMIZATION_LEVEL = "-Onone";
			};
			name = Debug;
		};
		FCF59BC02A10DB0B00543D51 /* Release */ = {
			isa = XCBuildConfiguration;
			buildSettings = {
				ALWAYS_SEARCH_USER_PATHS = NO;
				CLANG_ANALYZER_NONNULL = YES;
				CLANG_ANALYZER_NUMBER_OBJECT_CONVERSION = YES_AGGRESSIVE;
				CLANG_CXX_LANGUAGE_STANDARD = "gnu++20";
				CLANG_ENABLE_MODULES = YES;
				CLANG_ENABLE_OBJC_ARC = YES;
				CLANG_ENABLE_OBJC_WEAK = YES;
				CLANG_WARN_BLOCK_CAPTURE_AUTORELEASING = YES;
				CLANG_WARN_BOOL_CONVERSION = YES;
				CLANG_WARN_COMMA = YES;
				CLANG_WARN_CONSTANT_CONVERSION = YES;
				CLANG_WARN_DEPRECATED_OBJC_IMPLEMENTATIONS = YES;
				CLANG_WARN_DIRECT_OBJC_ISA_USAGE = YES_ERROR;
				CLANG_WARN_DOCUMENTATION_COMMENTS = YES;
				CLANG_WARN_EMPTY_BODY = YES;
				CLANG_WARN_ENUM_CONVERSION = YES;
				CLANG_WARN_INFINITE_RECURSION = YES;
				CLANG_WARN_INT_CONVERSION = YES;
				CLANG_WARN_NON_LITERAL_NULL_CONVERSION = YES;
				CLANG_WARN_OBJC_IMPLICIT_RETAIN_SELF = YES;
				CLANG_WARN_OBJC_LITERAL_CONVERSION = YES;
				CLANG_WARN_OBJC_ROOT_CLASS = YES_ERROR;
				CLANG_WARN_QUOTED_INCLUDE_IN_FRAMEWORK_HEADER = YES;
				CLANG_WARN_RANGE_LOOP_ANALYSIS = YES;
				CLANG_WARN_STRICT_PROTOTYPES = YES;
				CLANG_WARN_SUSPICIOUS_MOVE = YES;
				CLANG_WARN_UNGUARDED_AVAILABILITY = YES_AGGRESSIVE;
				CLANG_WARN_UNREACHABLE_CODE = YES;
				CLANG_WARN__DUPLICATE_METHOD_MATCH = YES;
				COPY_PHASE_STRIP = NO;
				DEBUG_INFORMATION_FORMAT = "dwarf-with-dsym";
				ENABLE_NS_ASSERTIONS = NO;
				ENABLE_STRICT_OBJC_MSGSEND = YES;
				GCC_C_LANGUAGE_STANDARD = gnu11;
				GCC_NO_COMMON_BLOCKS = YES;
				GCC_WARN_64_TO_32_BIT_CONVERSION = YES;
				GCC_WARN_ABOUT_RETURN_TYPE = YES_ERROR;
				GCC_WARN_UNDECLARED_SELECTOR = YES;
				GCC_WARN_UNINITIALIZED_AUTOS = YES_AGGRESSIVE;
				GCC_WARN_UNUSED_FUNCTION = YES;
				GCC_WARN_UNUSED_VARIABLE = YES;
				IPHONEOS_DEPLOYMENT_TARGET = 16.4;
				MTL_ENABLE_DEBUG_INFO = NO;
				MTL_FAST_MATH = YES;
				SDKROOT = iphoneos;
				SWIFT_COMPILATION_MODE = wholemodule;
				SWIFT_OPTIMIZATION_LEVEL = "-O";
				VALIDATE_PRODUCT = YES;
			};
			name = Release;
		};
		FCF59BC22A10DB0B00543D51 /* Debug */ = {
			isa = XCBuildConfiguration;
			buildSettings = {
				ASSETCATALOG_COMPILER_APPICON_NAME = AppIcon;
				ASSETCATALOG_COMPILER_GLOBAL_ACCENT_COLOR_NAME = AccentColor;
				CODE_SIGN_ENTITLEMENTS = InteriorDesigner/InteriorDesigner.entitlements;
				CODE_SIGN_STYLE = Automatic;
				CURRENT_PROJECT_VERSION = 1;
				DEVELOPMENT_ASSET_PATHS = "\"InteriorDesigner/Preview Content\"";
				DEVELOPMENT_TEAM = TT2Y4HLN9M;
				ENABLE_PREVIEWS = YES;
				GENERATE_INFOPLIST_FILE = YES;
				INFOPLIST_KEY_UIApplicationSceneManifest_Generation = YES;
				INFOPLIST_KEY_UIApplicationSupportsIndirectInputEvents = YES;
				INFOPLIST_KEY_UILaunchScreen_Generation = YES;
				INFOPLIST_KEY_UISupportedInterfaceOrientations_iPad = "UIInterfaceOrientationPortrait UIInterfaceOrientationPortraitUpsideDown UIInterfaceOrientationLandscapeLeft UIInterfaceOrientationLandscapeRight";
				INFOPLIST_KEY_UISupportedInterfaceOrientations_iPhone = "UIInterfaceOrientationPortrait UIInterfaceOrientationLandscapeLeft UIInterfaceOrientationLandscapeRight";
				LD_RUNPATH_SEARCH_PATHS = (
					"$(inherited)",
					"@executable_path/Frameworks",
				);
				MARKETING_VERSION = 1.0;
				PRODUCT_BUNDLE_IDENTIFIER = com.Team13.InteriorDesigner;
				PRODUCT_NAME = "$(TARGET_NAME)";
				SUPPORTED_PLATFORMS = "iphoneos iphonesimulator";
				SUPPORTS_MACCATALYST = NO;
				SUPPORTS_MAC_DESIGNED_FOR_IPHONE_IPAD = NO;
				SWIFT_EMIT_LOC_STRINGS = YES;
				SWIFT_VERSION = 5.0;
				TARGETED_DEVICE_FAMILY = 1;
			};
			name = Debug;
		};
		FCF59BC32A10DB0B00543D51 /* Release */ = {
			isa = XCBuildConfiguration;
			buildSettings = {
				ASSETCATALOG_COMPILER_APPICON_NAME = AppIcon;
				ASSETCATALOG_COMPILER_GLOBAL_ACCENT_COLOR_NAME = AccentColor;
				CODE_SIGN_ENTITLEMENTS = InteriorDesigner/InteriorDesigner.entitlements;
				CODE_SIGN_STYLE = Automatic;
				CURRENT_PROJECT_VERSION = 1;
				DEVELOPMENT_ASSET_PATHS = "\"InteriorDesigner/Preview Content\"";
				DEVELOPMENT_TEAM = TT2Y4HLN9M;
				ENABLE_PREVIEWS = YES;
				GENERATE_INFOPLIST_FILE = YES;
				INFOPLIST_KEY_UIApplicationSceneManifest_Generation = YES;
				INFOPLIST_KEY_UIApplicationSupportsIndirectInputEvents = YES;
				INFOPLIST_KEY_UILaunchScreen_Generation = YES;
				INFOPLIST_KEY_UISupportedInterfaceOrientations_iPad = "UIInterfaceOrientationPortrait UIInterfaceOrientationPortraitUpsideDown UIInterfaceOrientationLandscapeLeft UIInterfaceOrientationLandscapeRight";
				INFOPLIST_KEY_UISupportedInterfaceOrientations_iPhone = "UIInterfaceOrientationPortrait UIInterfaceOrientationLandscapeLeft UIInterfaceOrientationLandscapeRight";
				LD_RUNPATH_SEARCH_PATHS = (
					"$(inherited)",
					"@executable_path/Frameworks",
				);
				MARKETING_VERSION = 1.0;
				PRODUCT_BUNDLE_IDENTIFIER = com.Team13.InteriorDesigner;
				PRODUCT_NAME = "$(TARGET_NAME)";
				SUPPORTED_PLATFORMS = "iphoneos iphonesimulator";
				SUPPORTS_MACCATALYST = NO;
				SUPPORTS_MAC_DESIGNED_FOR_IPHONE_IPAD = NO;
				SWIFT_EMIT_LOC_STRINGS = YES;
				SWIFT_VERSION = 5.0;
				TARGETED_DEVICE_FAMILY = 1;
			};
			name = Release;
		};
/* End XCBuildConfiguration section */

/* Begin XCConfigurationList section */
		FCF59BAE2A10DB0A00543D51 /* Build configuration list for PBXProject "InteriorDesigner" */ = {
			isa = XCConfigurationList;
			buildConfigurations = (
				FCF59BBF2A10DB0B00543D51 /* Debug */,
				FCF59BC02A10DB0B00543D51 /* Release */,
			);
			defaultConfigurationIsVisible = 0;
			defaultConfigurationName = Release;
		};
		FCF59BC12A10DB0B00543D51 /* Build configuration list for PBXNativeTarget "InteriorDesigner" */ = {
			isa = XCConfigurationList;
			buildConfigurations = (
				FCF59BC22A10DB0B00543D51 /* Debug */,
				FCF59BC32A10DB0B00543D51 /* Release */,
			);
			defaultConfigurationIsVisible = 0;
			defaultConfigurationName = Release;
		};
/* End XCConfigurationList section */

/* Begin XCRemoteSwiftPackageReference section */
		4ECA51D12A30023400EEAF63 /* XCRemoteSwiftPackageReference "Alamofire" */ = {
			isa = XCRemoteSwiftPackageReference;
			repositoryURL = "https://github.com/Alamofire/Alamofire.git";
			requirement = {
				kind = upToNextMajorVersion;
				minimumVersion = 5.0.0;
			};
		};
		FCDA209A2A33B42B00F9D922 /* XCRemoteSwiftPackageReference "WaterfallGrid" */ = {
			isa = XCRemoteSwiftPackageReference;
			repositoryURL = "https://github.com/paololeonardi/WaterfallGrid.git";
			requirement = {
				kind = exactVersion;
				version = 1.0.1;
			};
		};
		FCFB0B5A2A2A50BE0093BEF0 /* XCRemoteSwiftPackageReference "firebase-ios-sdk" */ = {
			isa = XCRemoteSwiftPackageReference;
			repositoryURL = "https://github.com/firebase/firebase-ios-sdk.git";
			requirement = {
				kind = upToNextMajorVersion;
				minimumVersion = 10.0.0;
			};
		};
/* End XCRemoteSwiftPackageReference section */

/* Begin XCSwiftPackageProductDependency section */
		4ECA51D22A30023400EEAF63 /* Alamofire */ = {
			isa = XCSwiftPackageProductDependency;
			package = 4ECA51D12A30023400EEAF63 /* XCRemoteSwiftPackageReference "Alamofire" */;
			productName = Alamofire;
		};
		FCDA209B2A33B42B00F9D922 /* WaterfallGrid */ = {
			isa = XCSwiftPackageProductDependency;
			package = FCDA209A2A33B42B00F9D922 /* XCRemoteSwiftPackageReference "WaterfallGrid" */;
			productName = WaterfallGrid;
		};
		FCFB0B5B2A2A50BE0093BEF0 /* FirebaseAuth */ = {
			isa = XCSwiftPackageProductDependency;
			package = FCFB0B5A2A2A50BE0093BEF0 /* XCRemoteSwiftPackageReference "firebase-ios-sdk" */;
			productName = FirebaseAuth;
		};
		FCFB0B5D2A2A50BE0093BEF0 /* FirebaseFirestore */ = {
			isa = XCSwiftPackageProductDependency;
			package = FCFB0B5A2A2A50BE0093BEF0 /* XCRemoteSwiftPackageReference "firebase-ios-sdk" */;
			productName = FirebaseFirestore;
		};
		FCFB0B5F2A2A50BE0093BEF0 /* FirebaseFirestoreSwift */ = {
			isa = XCSwiftPackageProductDependency;
			package = FCFB0B5A2A2A50BE0093BEF0 /* XCRemoteSwiftPackageReference "firebase-ios-sdk" */;
			productName = FirebaseFirestoreSwift;
		};
		FCFB0B612A2A50BE0093BEF0 /* FirebaseMessaging */ = {
			isa = XCSwiftPackageProductDependency;
			package = FCFB0B5A2A2A50BE0093BEF0 /* XCRemoteSwiftPackageReference "firebase-ios-sdk" */;
			productName = FirebaseMessaging;
		};
		FCFB0B632A2A50BE0093BEF0 /* FirebaseStorage */ = {
			isa = XCSwiftPackageProductDependency;
			package = FCFB0B5A2A2A50BE0093BEF0 /* XCRemoteSwiftPackageReference "firebase-ios-sdk" */;
			productName = FirebaseStorage;
		};
/* End XCSwiftPackageProductDependency section */
	};
	rootObject = FCF59BAB2A10DB0A00543D51 /* Project object */;
}
